// !$*UTF8*$!
{
	archiveVersion = 1;
	classes = {
	};
	objectVersion = 50;
	objects = {

/* Begin PBXBuildFile section */
		9275A7332419D34100EDD698 /* AppDelegate.swift in Sources */ = {isa = PBXBuildFile; fileRef = 9275A7322419D34100EDD698 /* AppDelegate.swift */; };
		9275A7352419D34100EDD698 /* SceneDelegate.swift in Sources */ = {isa = PBXBuildFile; fileRef = 9275A7342419D34100EDD698 /* SceneDelegate.swift */; };
		9275A7372419D34100EDD698 /* ViewController.swift in Sources */ = {isa = PBXBuildFile; fileRef = 9275A7362419D34100EDD698 /* ViewController.swift */; };
		9275A73A2419D34100EDD698 /* Main.storyboard in Resources */ = {isa = PBXBuildFile; fileRef = 9275A7382419D34100EDD698 /* Main.storyboard */; };
		9275A73C2419D34200EDD698 /* Assets.xcassets in Resources */ = {isa = PBXBuildFile; fileRef = 9275A73B2419D34200EDD698 /* Assets.xcassets */; };
		9275A73F2419D34200EDD698 /* LaunchScreen.storyboard in Resources */ = {isa = PBXBuildFile; fileRef = 9275A73D2419D34200EDD698 /* LaunchScreen.storyboard */; };
		9275A74A2419D34200EDD698 /* MoodboardTests.swift in Sources */ = {isa = PBXBuildFile; fileRef = 9275A7492419D34200EDD698 /* MoodboardTests.swift */; };
		929569CA2423173000543294 /* Face.storyboard in Resources */ = {isa = PBXBuildFile; fileRef = 929569C92423173000543294 /* Face.storyboard */; };
/* End PBXBuildFile section */

/* Begin PBXContainerItemProxy section */
		9275A7462419D34200EDD698 /* PBXContainerItemProxy */ = {
			isa = PBXContainerItemProxy;
			containerPortal = 9275A7272419D34100EDD698 /* Project object */;
			proxyType = 1;
			remoteGlobalIDString = 9275A72E2419D34100EDD698;
			remoteInfo = Moodboard;
		};
/* End PBXContainerItemProxy section */

/* Begin PBXFileReference section */
		9275A72F2419D34100EDD698 /* Moodboard.app */ = {isa = PBXFileReference; explicitFileType = wrapper.application; includeInIndex = 0; path = Moodboard.app; sourceTree = BUILT_PRODUCTS_DIR; };
		9275A7322419D34100EDD698 /* AppDelegate.swift */ = {isa = PBXFileReference; lastKnownFileType = sourcecode.swift; path = AppDelegate.swift; sourceTree = "<group>"; };
		9275A7342419D34100EDD698 /* SceneDelegate.swift */ = {isa = PBXFileReference; lastKnownFileType = sourcecode.swift; path = SceneDelegate.swift; sourceTree = "<group>"; };
		9275A7362419D34100EDD698 /* ViewController.swift */ = {isa = PBXFileReference; lastKnownFileType = sourcecode.swift; path = ViewController.swift; sourceTree = "<group>"; };
		9275A7392419D34100EDD698 /* Base */ = {isa = PBXFileReference; lastKnownFileType = file.storyboard; name = Base; path = Base.lproj/Main.storyboard; sourceTree = "<group>"; };
		9275A73B2419D34200EDD698 /* Assets.xcassets */ = {isa = PBXFileReference; lastKnownFileType = folder.assetcatalog; path = Assets.xcassets; sourceTree = "<group>"; };
		9275A73E2419D34200EDD698 /* Base */ = {isa = PBXFileReference; lastKnownFileType = file.storyboard; name = Base; path = Base.lproj/LaunchScreen.storyboard; sourceTree = "<group>"; };
		9275A7402419D34200EDD698 /* Info.plist */ = {isa = PBXFileReference; lastKnownFileType = text.plist.xml; path = Info.plist; sourceTree = "<group>"; };
		9275A7452419D34200EDD698 /* MoodboardTests.xctest */ = {isa = PBXFileReference; explicitFileType = wrapper.cfbundle; includeInIndex = 0; path = MoodboardTests.xctest; sourceTree = BUILT_PRODUCTS_DIR; };
		9275A7492419D34200EDD698 /* MoodboardTests.swift */ = {isa = PBXFileReference; lastKnownFileType = sourcecode.swift; path = MoodboardTests.swift; sourceTree = "<group>"; };
		9275A74B2419D34200EDD698 /* Info.plist */ = {isa = PBXFileReference; lastKnownFileType = text.plist.xml; path = Info.plist; sourceTree = "<group>"; };
		929569C92423173000543294 /* Face.storyboard */ = {isa = PBXFileReference; lastKnownFileType = file.storyboard; path = Face.storyboard; sourceTree = "<group>"; };
/* End PBXFileReference section */

/* Begin PBXFrameworksBuildPhase section */
		9275A72C2419D34100EDD698 /* Frameworks */ = {
			isa = PBXFrameworksBuildPhase;
			buildActionMask = 2147483647;
			files = (
			);
			runOnlyForDeploymentPostprocessing = 0;
		};
		9275A7422419D34200EDD698 /* Frameworks */ = {
			isa = PBXFrameworksBuildPhase;
			buildActionMask = 2147483647;
			files = (
			);
			runOnlyForDeploymentPostprocessing = 0;
		};
/* End PBXFrameworksBuildPhase section */

/* Begin PBXGroup section */
		9275A7262419D34100EDD698 = {
			isa = PBXGroup;
			children = (
				9275A7312419D34100EDD698 /* Moodboard */,
				9275A7482419D34200EDD698 /* MoodboardTests */,
				9275A7302419D34100EDD698 /* Products */,
			);
			sourceTree = "<group>";
		};
		9275A7302419D34100EDD698 /* Products */ = {
			isa = PBXGroup;
			children = (
				9275A72F2419D34100EDD698 /* Moodboard.app */,
				9275A7452419D34200EDD698 /* MoodboardTests.xctest */,
			);
			name = Products;
			sourceTree = "<group>";
		};
		9275A7312419D34100EDD698 /* Moodboard */ = {
			isa = PBXGroup;
			children = (
				9275A7322419D34100EDD698 /* AppDelegate.swift */,
				9275A7342419D34100EDD698 /* SceneDelegate.swift */,
				9275A7362419D34100EDD698 /* ViewController.swift */,
				9275A7382419D34100EDD698 /* Main.storyboard */,
				9275A73B2419D34200EDD698 /* Assets.xcassets */,
				9275A73D2419D34200EDD698 /* LaunchScreen.storyboard */,
				9275A7402419D34200EDD698 /* Info.plist */,
				929569C92423173000543294 /* Face.storyboard */,
			);
			path = Moodboard;
			sourceTree = "<group>";
		};
		9275A7482419D34200EDD698 /* MoodboardTests */ = {
			isa = PBXGroup;
			children = (
				9275A7492419D34200EDD698 /* MoodboardTests.swift */,
				9275A74B2419D34200EDD698 /* Info.plist */,
			);
			path = MoodboardTests;
			sourceTree = "<group>";
		};
/* End PBXGroup section */

/* Begin PBXNativeTarget section */
		9275A72E2419D34100EDD698 /* Moodboard */ = {
			isa = PBXNativeTarget;
			buildConfigurationList = 9275A74E2419D34200EDD698 /* Build configuration list for PBXNativeTarget "Moodboard" */;
			buildPhases = (
				9275A72B2419D34100EDD698 /* Sources */,
				9275A72C2419D34100EDD698 /* Frameworks */,
				9275A72D2419D34100EDD698 /* Resources */,
			);
			buildRules = (
			);
			dependencies = (
			);
			name = Moodboard;
			productName = Moodboard;
			productReference = 9275A72F2419D34100EDD698 /* Moodboard.app */;
			productType = "com.apple.product-type.application";
		};
		9275A7442419D34200EDD698 /* MoodboardTests */ = {
			isa = PBXNativeTarget;
			buildConfigurationList = 9275A7512419D34200EDD698 /* Build configuration list for PBXNativeTarget "MoodboardTests" */;
			buildPhases = (
				9275A7412419D34200EDD698 /* Sources */,
				9275A7422419D34200EDD698 /* Frameworks */,
				9275A7432419D34200EDD698 /* Resources */,
			);
			buildRules = (
			);
			dependencies = (
				9275A7472419D34200EDD698 /* PBXTargetDependency */,
			);
			name = MoodboardTests;
			productName = MoodboardTests;
			productReference = 9275A7452419D34200EDD698 /* MoodboardTests.xctest */;
			productType = "com.apple.product-type.bundle.unit-test";
		};
/* End PBXNativeTarget section */

/* Begin PBXProject section */
		9275A7272419D34100EDD698 /* Project object */ = {
			isa = PBXProject;
			attributes = {
				LastSwiftUpdateCheck = 1130;
				LastUpgradeCheck = 1130;
				ORGANIZATIONNAME = "Arifin Firdaus";
				TargetAttributes = {
					9275A72E2419D34100EDD698 = {
						CreatedOnToolsVersion = 11.3.1;
					};
					9275A7442419D34200EDD698 = {
						CreatedOnToolsVersion = 11.3.1;
						TestTargetID = 9275A72E2419D34100EDD698;
					};
				};
			};
			buildConfigurationList = 9275A72A2419D34100EDD698 /* Build configuration list for PBXProject "Moodboard" */;
			compatibilityVersion = "Xcode 9.3";
			developmentRegion = en;
			hasScannedForEncodings = 0;
			knownRegions = (
				en,
				Base,
			);
			mainGroup = 9275A7262419D34100EDD698;
			productRefGroup = 9275A7302419D34100EDD698 /* Products */;
			projectDirPath = "";
			projectRoot = "";
			targets = (
				9275A72E2419D34100EDD698 /* Moodboard */,
				9275A7442419D34200EDD698 /* MoodboardTests */,
			);
		};
/* End PBXProject section */

/* Begin PBXResourcesBuildPhase section */
		9275A72D2419D34100EDD698 /* Resources */ = {
			isa = PBXResourcesBuildPhase;
			buildActionMask = 2147483647;
			files = (
				9275A73F2419D34200EDD698 /* LaunchScreen.storyboard in Resources */,
				929569CA2423173000543294 /* Face.storyboard in Resources */,
				9275A73C2419D34200EDD698 /* Assets.xcassets in Resources */,
				9275A73A2419D34100EDD698 /* Main.storyboard in Resources */,
			);
			runOnlyForDeploymentPostprocessing = 0;
		};
		9275A7432419D34200EDD698 /* Resources */ = {
			isa = PBXResourcesBuildPhase;
			buildActionMask = 2147483647;
			files = (
			);
			runOnlyForDeploymentPostprocessing = 0;
		};
/* End PBXResourcesBuildPhase section */

/* Begin PBXSourcesBuildPhase section */
		9275A72B2419D34100EDD698 /* Sources */ = {
			isa = PBXSourcesBuildPhase;
			buildActionMask = 2147483647;
			files = (
				9275A7372419D34100EDD698 /* ViewController.swift in Sources */,
				9275A7332419D34100EDD698 /* AppDelegate.swift in Sources */,
				9275A7352419D34100EDD698 /* SceneDelegate.swift in Sources */,
			);
			runOnlyForDeploymentPostprocessing = 0;
		};
		9275A7412419D34200EDD698 /* Sources */ = {
			isa = PBXSourcesBuildPhase;
			buildActionMask = 2147483647;
			files = (
				9275A74A2419D34200EDD698 /* MoodboardTests.swift in Sources */,
			);
			runOnlyForDeploymentPostprocessing = 0;
		};
/* End PBXSourcesBuildPhase section */

/* Begin PBXTargetDependency section */
		9275A7472419D34200EDD698 /* PBXTargetDependency */ = {
			isa = PBXTargetDependency;
			target = 9275A72E2419D34100EDD698 /* Moodboard */;
			targetProxy = 9275A7462419D34200EDD698 /* PBXContainerItemProxy */;
		};
/* End PBXTargetDependency section */

/* Begin PBXVariantGroup section */
		9275A7382419D34100EDD698 /* Main.storyboard */ = {
			isa = PBXVariantGroup;
			children = (
				9275A7392419D34100EDD698 /* Base */,
			);
			name = Main.storyboard;
			sourceTree = "<group>";
		};
		9275A73D2419D34200EDD698 /* LaunchScreen.storyboard */ = {
			isa = PBXVariantGroup;
			children = (
				9275A73E2419D34200EDD698 /* Base */,
			);
			name = LaunchScreen.storyboard;
			sourceTree = "<group>";
		};
/* End PBXVariantGroup section */

/* Begin XCBuildConfiguration section */
		9275A74C2419D34200EDD698 /* Debug */ = {
			isa = XCBuildConfiguration;
			buildSettings = {
				ALWAYS_SEARCH_USER_PATHS = NO;
				CLANG_ANALYZER_NONNULL = YES;
				CLANG_ANALYZER_NUMBER_OBJECT_CONVERSION = YES_AGGRESSIVE;
				CLANG_CXX_LANGUAGE_STANDARD = "gnu++14";
				CLANG_CXX_LIBRARY = "libc++";
				CLANG_ENABLE_MODULES = YES;
				CLANG_ENABLE_OBJC_ARC = YES;
				CLANG_ENABLE_OBJC_WEAK = YES;
				CLANG_WARN_BLOCK_CAPTURE_AUTORELEASING = YES;
				CLANG_WARN_BOOL_CONVERSION = YES;
				CLANG_WARN_COMMA = YES;
				CLANG_WARN_CONSTANT_CONVERSION = YES;
				CLANG_WARN_DEPRECATED_OBJC_IMPLEMENTATIONS = YES;
				CLANG_WARN_DIRECT_OBJC_ISA_USAGE = YES_ERROR;
				CLANG_WARN_DOCUMENTATION_COMMENTS = YES;
				CLANG_WARN_EMPTY_BODY = YES;
				CLANG_WARN_ENUM_CONVERSION = YES;
				CLANG_WARN_INFINITE_RECURSION = YES;
				CLANG_WARN_INT_CONVERSION = YES;
				CLANG_WARN_NON_LITERAL_NULL_CONVERSION = YES;
				CLANG_WARN_OBJC_IMPLICIT_RETAIN_SELF = YES;
				CLANG_WARN_OBJC_LITERAL_CONVERSION = YES;
				CLANG_WARN_OBJC_ROOT_CLASS = YES_ERROR;
				CLANG_WARN_RANGE_LOOP_ANALYSIS = YES;
				CLANG_WARN_STRICT_PROTOTYPES = YES;
				CLANG_WARN_SUSPICIOUS_MOVE = YES;
				CLANG_WARN_UNGUARDED_AVAILABILITY = YES_AGGRESSIVE;
				CLANG_WARN_UNREACHABLE_CODE = YES;
				CLANG_WARN__DUPLICATE_METHOD_MATCH = YES;
				COPY_PHASE_STRIP = NO;
				DEBUG_INFORMATION_FORMAT = dwarf;
				ENABLE_STRICT_OBJC_MSGSEND = YES;
				ENABLE_TESTABILITY = YES;
				GCC_C_LANGUAGE_STANDARD = gnu11;
				GCC_DYNAMIC_NO_PIC = NO;
				GCC_NO_COMMON_BLOCKS = YES;
				GCC_OPTIMIZATION_LEVEL = 0;
				GCC_PREPROCESSOR_DEFINITIONS = (
					"DEBUG=1",
					"$(inherited)",
				);
				GCC_WARN_64_TO_32_BIT_CONVERSION = YES;
				GCC_WARN_ABOUT_RETURN_TYPE = YES_ERROR;
				GCC_WARN_UNDECLARED_SELECTOR = YES;
				GCC_WARN_UNINITIALIZED_AUTOS = YES_AGGRESSIVE;
				GCC_WARN_UNUSED_FUNCTION = YES;
				GCC_WARN_UNUSED_VARIABLE = YES;
				IPHONEOS_DEPLOYMENT_TARGET = 13.2;
				MTL_ENABLE_DEBUG_INFO = INCLUDE_SOURCE;
				MTL_FAST_MATH = YES;
				ONLY_ACTIVE_ARCH = YES;
				SDKROOT = iphoneos;
				SWIFT_ACTIVE_COMPILATION_CONDITIONS = DEBUG;
				SWIFT_OPTIMIZATION_LEVEL = "-Onone";
			};
			name = Debug;
		};
		9275A74D2419D34200EDD698 /* Release */ = {
			isa = XCBuildConfiguration;
			buildSettings = {
				ALWAYS_SEARCH_USER_PATHS = NO;
				CLANG_ANALYZER_NONNULL = YES;
				CLANG_ANALYZER_NUMBER_OBJECT_CONVERSION = YES_AGGRESSIVE;
				CLANG_CXX_LANGUAGE_STANDARD = "gnu++14";
				CLANG_CXX_LIBRARY = "libc++";
				CLANG_ENABLE_MODULES = YES;
				CLANG_ENABLE_OBJC_ARC = YES;
				CLANG_ENABLE_OBJC_WEAK = YES;
				CLANG_WARN_BLOCK_CAPTURE_AUTORELEASING = YES;
				CLANG_WARN_BOOL_CONVERSION = YES;
				CLANG_WARN_COMMA = YES;
				CLANG_WARN_CONSTANT_CONVERSION = YES;
				CLANG_WARN_DEPRECATED_OBJC_IMPLEMENTATIONS = YES;
				CLANG_WARN_DIRECT_OBJC_ISA_USAGE = YES_ERROR;
				CLANG_WARN_DOCUMENTATION_COMMENTS = YES;
				CLANG_WARN_EMPTY_BODY = YES;
				CLANG_WARN_ENUM_CONVERSION = YES;
				CLANG_WARN_INFINITE_RECURSION = YES;
				CLANG_WARN_INT_CONVERSION = YES;
				CLANG_WARN_NON_LITERAL_NULL_CONVERSION = YES;
				CLANG_WARN_OBJC_IMPLICIT_RETAIN_SELF = YES;
				CLANG_WARN_OBJC_LITERAL_CONVERSION = YES;
				CLANG_WARN_OBJC_ROOT_CLASS = YES_ERROR;
				CLANG_WARN_RANGE_LOOP_ANALYSIS = YES;
				CLANG_WARN_STRICT_PROTOTYPES = YES;
				CLANG_WARN_SUSPICIOUS_MOVE = YES;
				CLANG_WARN_UNGUARDED_AVAILABILITY = YES_AGGRESSIVE;
				CLANG_WARN_UNREACHABLE_CODE = YES;
				CLANG_WARN__DUPLICATE_METHOD_MATCH = YES;
				COPY_PHASE_STRIP = NO;
				DEBUG_INFORMATION_FORMAT = "dwarf-with-dsym";
				ENABLE_NS_ASSERTIONS = NO;
				ENABLE_STRICT_OBJC_MSGSEND = YES;
				GCC_C_LANGUAGE_STANDARD = gnu11;
				GCC_NO_COMMON_BLOCKS = YES;
				GCC_WARN_64_TO_32_BIT_CONVERSION = YES;
				GCC_WARN_ABOUT_RETURN_TYPE = YES_ERROR;
				GCC_WARN_UNDECLARED_SELECTOR = YES;
				GCC_WARN_UNINITIALIZED_AUTOS = YES_AGGRESSIVE;
				GCC_WARN_UNUSED_FUNCTION = YES;
				GCC_WARN_UNUSED_VARIABLE = YES;
				IPHONEOS_DEPLOYMENT_TARGET = 13.2;
				MTL_ENABLE_DEBUG_INFO = NO;
				MTL_FAST_MATH = YES;
				SDKROOT = iphoneos;
				SWIFT_COMPILATION_MODE = wholemodule;
				SWIFT_OPTIMIZATION_LEVEL = "-O";
				VALIDATE_PRODUCT = YES;
			};
			name = Release;
		};
		9275A74F2419D34200EDD698 /* Debug */ = {
			isa = XCBuildConfiguration;
			buildSettings = {
				ASSETCATALOG_COMPILER_APPICON_NAME = AppIcon;
				CODE_SIGN_STYLE = Automatic;
				DEVELOPMENT_TEAM = V6T249GHKX;
				INFOPLIST_FILE = Moodboard/Info.plist;
				LD_RUNPATH_SEARCH_PATHS = (
					"$(inherited)",
					"@executable_path/Frameworks",
				);
				PRODUCT_BUNDLE_IDENTIFIER = io.github.arifinfrds.Moodboard;
				PRODUCT_NAME = "$(TARGET_NAME)";
				SWIFT_VERSION = 5.0;
				TARGETED_DEVICE_FAMILY = "1,2";
			};
			name = Debug;
		};
		9275A7502419D34200EDD698 /* Release */ = {
			isa = XCBuildConfiguration;
			buildSettings = {
				ASSETCATALOG_COMPILER_APPICON_NAME = AppIcon;
				CODE_SIGN_STYLE = Automatic;
				DEVELOPMENT_TEAM = V6T249GHKX;
				INFOPLIST_FILE = Moodboard/Info.plist;
				LD_RUNPATH_SEARCH_PATHS = (
					"$(inherited)",
					"@executable_path/Frameworks",
				);
				PRODUCT_BUNDLE_IDENTIFIER = io.github.arifinfrds.Moodboard;
				PRODUCT_NAME = "$(TARGET_NAME)";
				SWIFT_VERSION = 5.0;
				TARGETED_DEVICE_FAMILY = "1,2";
			};
			name = Release;
		};
		9275A7522419D34200EDD698 /* Debug */ = {
			isa = XCBuildConfiguration;
			buildSettings = {
				ALWAYS_EMBED_SWIFT_STANDARD_LIBRARIES = YES;
				BUNDLE_LOADER = "$(TEST_HOST)";
				CODE_SIGN_STYLE = Automatic;
				DEVELOPMENT_TEAM = V6T249GHKX;
				INFOPLIST_FILE = MoodboardTests/Info.plist;
				IPHONEOS_DEPLOYMENT_TARGET = 13.2;
				LD_RUNPATH_SEARCH_PATHS = (
					"$(inherited)",
					"@executable_path/Frameworks",
					"@loader_path/Frameworks",
				);
				PRODUCT_BUNDLE_IDENTIFIER = io.github.arifinfrds.MoodboardTests;
				PRODUCT_NAME = "$(TARGET_NAME)";
				SWIFT_VERSION = 5.0;
				TARGETED_DEVICE_FAMILY = "1,2";
				TEST_HOST = "$(BUILT_PRODUCTS_DIR)/Moodboard.app/Moodboard";
			};
			name = Debug;
		};
		9275A7532419D34200EDD698 /* Release */ = {
			isa = XCBuildConfiguration;
			buildSettings = {
				ALWAYS_EMBED_SWIFT_STANDARD_LIBRARIES = YES;
				BUNDLE_LOADER = "$(TEST_HOST)";
				CODE_SIGN_STYLE = Automatic;
				DEVELOPMENT_TEAM = V6T249GHKX;
				INFOPLIST_FILE = MoodboardTests/Info.plist;
				IPHONEOS_DEPLOYMENT_TARGET = 13.2;
				LD_RUNPATH_SEARCH_PATHS = (
					"$(inherited)",
					"@executable_path/Frameworks",
					"@loader_path/Frameworks",
				);
				PRODUCT_BUNDLE_IDENTIFIER = io.github.arifinfrds.MoodboardTests;
				PRODUCT_NAME = "$(TARGET_NAME)";
				SWIFT_VERSION = 5.0;
				TARGETED_DEVICE_FAMILY = "1,2";
				TEST_HOST = "$(BUILT_PRODUCTS_DIR)/Moodboard.app/Moodboard";
			};
			name = Release;
		};
/* End XCBuildConfiguration section */

/* Begin XCConfigurationList section */
		9275A72A2419D34100EDD698 /* Build configuration list for PBXProject "Moodboard" */ = {
			isa = XCConfigurationList;
			buildConfigurations = (
				9275A74C2419D34200EDD698 /* Debug */,
				9275A74D2419D34200EDD698 /* Release */,
			);
			defaultConfigurationIsVisible = 0;
			defaultConfigurationName = Release;
		};
		9275A74E2419D34200EDD698 /* Build configuration list for PBXNativeTarget "Moodboard" */ = {
			isa = XCConfigurationList;
			buildConfigurations = (
				9275A74F2419D34200EDD698 /* Debug */,
				9275A7502419D34200EDD698 /* Release */,
			);
			defaultConfigurationIsVisible = 0;
			defaultConfigurationName = Release;
		};
		9275A7512419D34200EDD698 /* Build configuration list for PBXNativeTarget "MoodboardTests" */ = {
			isa = XCConfigurationList;
			buildConfigurations = (
				9275A7522419D34200EDD698 /* Debug */,
				9275A7532419D34200EDD698 /* Release */,
			);
			defaultConfigurationIsVisible = 0;
			defaultConfigurationName = Release;
		};
/* End XCConfigurationList section */
	};
	rootObject = 9275A7272419D34100EDD698 /* Project object */;
}
